# THIS IS AN AUTOGENERATED FILE. DO NOT EDIT THIS FILE DIRECTLY.
# yarn lockfile v1


pocketbase@^0.21.5:
  version "0.21.5"
  resolved "https://registry.yarnpkg.com/pocketbase/-/pocketbase-0.21.5.tgz#10714d264f80e5c6654a54b41ecb2219da497939"
  integrity sha512-bnI/uinnQps+ElSlzxkc4yvwuSFfKcoszDtXH/4QT2FhGq2mJVUvDlxn+rjRXVntUjPfmMG5LEPZ1eGqV6ssog==
